
Microsoft Visual Studio Solution File, Format Version 12.00
# Visual Studio Version 17
VisualStudioVersion = 17.1.32210.238
MinimumVisualStudioVersion = 10.0.40219.1
Project("{FAE04EC0-301F-11D3-BF4B-00C04F79EFBC}") = "eTickets", "eTickets\eTickets.csproj", "{6A9312BC-D9E2-4C83-B870-A3B3295C328F}"
EndProject
Global
	GlobalSection(SolutionConfigurationPlatforms) = preSolution
		Debug|Any CPU = Debug|Any CPU
		Release|Any CPU = Release|Any CPU
	EndGlobalSection
	GlobalSection(ProjectConfigurationPlatforms) = postSolution
		{6A9312BC-D9E2-4C83-B870-A3B3295C328F}.Debug|Any CPU.ActiveCfg = Debug|Any CPU
		{6A9312BC-D9E2-4C83-B870-A3B3295C328F}.Debug|Any CPU.Build.0 = Debug|Any CPU
		{6A9312BC-D9E2-4C83-B870-A3B3295C328F}.Release|Any CPU.ActiveCfg = Release|Any CPU
		{6A9312BC-D9E2-4C83-B870-A3B3295C328F}.Release|Any CPU.Build.0 = Release|Any CPU
	EndGlobalSection
	GlobalSection(SolutionProperties) = preSolution
		HideSolutionNode = FALSE
	EndGlobalSection
	GlobalSection(ExtensibilityGlobals) = postSolution
		SolutionGuid = {EDC3C14C-3181-468E-AC28-C9A3013E77AA}
	EndGlobalSection
EndGlobal
